
Microsoft Visual Studio Solution File, Format Version 12.00
Project("{FAE04EC0-301F-11D3-BF4B-00C04F79EFBC}") = "StateOfHajimi.Core", "StateOfHajimi.Core\StateOfHajimi.Core.csproj", "{D9A505C5-483A-47F2-ACFD-6D3CCC52A139}"
EndProject
Project("{FAE04EC0-301F-11D3-BF4B-00C04F79EFBC}") = "StateOfHajimi.Client", "StateOfHajimi.Client\StateOfHajimi.Client.csproj", "{316ABCA0-6920-4CB5-BE1A-DF856A389A2E}"
EndProject
Global
	GlobalSection(SolutionConfigurationPlatforms) = preSolution
		Debug|Any CPU = Debug|Any CPU
		Release|Any CPU = Release|Any CPU
	EndGlobalSection
	GlobalSection(ProjectConfigurationPlatforms) = postSolution
		{D9A505C5-483A-47F2-ACFD-6D3CCC52A139}.Debug|Any CPU.ActiveCfg = Debug|Any CPU
		{D9A505C5-483A-47F2-ACFD-6D3CCC52A139}.Debug|Any CPU.Build.0 = Debug|Any CPU
		{D9A505C5-483A-47F2-ACFD-6D3CCC52A139}.Release|Any CPU.ActiveCfg = Release|Any CPU
		{D9A505C5-483A-47F2-ACFD-6D3CCC52A139}.Release|Any CPU.Build.0 = Release|Any CPU
		{316ABCA0-6920-4CB5-BE1A-DF856A389A2E}.Debug|Any CPU.ActiveCfg = Debug|Any CPU
		{316ABCA0-6920-4CB5-BE1A-DF856A389A2E}.Debug|Any CPU.Build.0 = Debug|Any CPU
		{316ABCA0-6920-4CB5-BE1A-DF856A389A2E}.Release|Any CPU.ActiveCfg = Release|Any CPU
		{316ABCA0-6920-4CB5-BE1A-DF856A389A2E}.Release|Any CPU.Build.0 = Release|Any CPU
	EndGlobalSection
EndGlobal
